
Microsoft Visual Studio Solution File, Format Version 12.00
# Visual Studio Version 16
VisualStudioVersion = 16.0.29519.87
MinimumVisualStudioVersion = 10.0.40219.1
Project("{FAE04EC0-301F-11D3-BF4B-00C04F79EFBC}") = "LibreriaNueva", "LibreriaNueva.csproj", "{8655BF10-C58B-4DC6-BCCA-7F2C9799AEEA}"
EndProject
Project("{FAE04EC0-301F-11D3-BF4B-00C04F79EFBC}") = "Database", "..\ClassLibrary1\Database.csproj", "{089F09D1-4284-4B95-A8CB-4E886271791A}"
EndProject
Project("{FAE04EC0-301F-11D3-BF4B-00C04F79EFBC}") = "Repositories", "..\Repositories\Repositories.csproj", "{EC02778D-6918-4922-AB1A-D022300696A8}"
EndProject
Project("{FAE04EC0-301F-11D3-BF4B-00C04F79EFBC}") = "Entities", "..\Entities\Entities.csproj", "{798E0FDB-49EA-4499-B0E5-512765B856B3}"
EndProject
Global
	GlobalSection(SolutionConfigurationPlatforms) = preSolution
		Debug|Any CPU = Debug|Any CPU
		Release|Any CPU = Release|Any CPU
	EndGlobalSection
	GlobalSection(ProjectConfigurationPlatforms) = postSolution
		{8655BF10-C58B-4DC6-BCCA-7F2C9799AEEA}.Debug|Any CPU.ActiveCfg = Debug|Any CPU
		{8655BF10-C58B-4DC6-BCCA-7F2C9799AEEA}.Debug|Any CPU.Build.0 = Debug|Any CPU
		{8655BF10-C58B-4DC6-BCCA-7F2C9799AEEA}.Release|Any CPU.ActiveCfg = Release|Any CPU
		{8655BF10-C58B-4DC6-BCCA-7F2C9799AEEA}.Release|Any CPU.Build.0 = Release|Any CPU
		{089F09D1-4284-4B95-A8CB-4E886271791A}.Debug|Any CPU.ActiveCfg = Debug|Any CPU
		{089F09D1-4284-4B95-A8CB-4E886271791A}.Debug|Any CPU.Build.0 = Debug|Any CPU
		{089F09D1-4284-4B95-A8CB-4E886271791A}.Release|Any CPU.ActiveCfg = Release|Any CPU
		{089F09D1-4284-4B95-A8CB-4E886271791A}.Release|Any CPU.Build.0 = Release|Any CPU
		{EC02778D-6918-4922-AB1A-D022300696A8}.Debug|Any CPU.ActiveCfg = Debug|Any CPU
		{EC02778D-6918-4922-AB1A-D022300696A8}.Debug|Any CPU.Build.0 = Debug|Any CPU
		{EC02778D-6918-4922-AB1A-D022300696A8}.Release|Any CPU.ActiveCfg = Release|Any CPU
		{EC02778D-6918-4922-AB1A-D022300696A8}.Release|Any CPU.Build.0 = Release|Any CPU
		{798E0FDB-49EA-4499-B0E5-512765B856B3}.Debug|Any CPU.ActiveCfg = Debug|Any CPU
		{798E0FDB-49EA-4499-B0E5-512765B856B3}.Debug|Any CPU.Build.0 = Debug|Any CPU
		{798E0FDB-49EA-4499-B0E5-512765B856B3}.Release|Any CPU.ActiveCfg = Release|Any CPU
		{798E0FDB-49EA-4499-B0E5-512765B856B3}.Release|Any CPU.Build.0 = Release|Any CPU
	EndGlobalSection
	GlobalSection(SolutionProperties) = preSolution
		HideSolutionNode = FALSE
	EndGlobalSection
	GlobalSection(ExtensibilityGlobals) = postSolution
		SolutionGuid = {00FAD1AE-B2A5-4721-95BF-C496F8FA8030}
	EndGlobalSection
EndGlobal
